
Microsoft Visual Studio Solution File, Format Version 12.00
# Visual Studio Version 17
VisualStudioVersion = 17.13.35931.197 d17.13
MinimumVisualStudioVersion = 10.0.40219.1
Project("{FAE04EC0-301F-11D3-BF4B-00C04F79EFBC}") = "EmailDllTest", "EmailDllTest.csproj", "{7EDA6C72-F482-4D63-9E98-E83F556B5F3D}"
EndProject
Global
	GlobalSection(SolutionConfigurationPlatforms) = preSolution
		Debug|Any CPU = Debug|Any CPU
		Release|Any CPU = Release|Any CPU
	EndGlobalSection
	GlobalSection(ProjectConfigurationPlatforms) = postSolution
		{7EDA6C72-F482-4D63-9E98-E83F556B5F3D}.Debug|Any CPU.ActiveCfg = Debug|Any CPU
		{7EDA6C72-F482-4D63-9E98-E83F556B5F3D}.Debug|Any CPU.Build.0 = Debug|Any CPU
		{7EDA6C72-F482-4D63-9E98-E83F556B5F3D}.Release|Any CPU.ActiveCfg = Release|Any CPU
		{7EDA6C72-F482-4D63-9E98-E83F556B5F3D}.Release|Any CPU.Build.0 = Release|Any CPU
	EndGlobalSection
	GlobalSection(SolutionProperties) = preSolution
		HideSolutionNode = FALSE
	EndGlobalSection
	GlobalSection(ExtensibilityGlobals) = postSolution
		SolutionGuid = {BABFDDD4-44C9-4BBD-87D0-2E525F868FA4}
	EndGlobalSection
EndGlobal
